
Microsoft Visual Studio Solution File, Format Version 12.00
Project("{FAE04EC0-301F-11D3-BF4B-00C04F79EFBC}") = "KolokwiumApbd", "KolokwiumApbd\KolokwiumApbd.csproj", "{BC976ACB-62A0-4B8C-8F05-D51DE69088B9}"
EndProject
Global
	GlobalSection(SolutionConfigurationPlatforms) = preSolution
		Debug|Any CPU = Debug|Any CPU
		Release|Any CPU = Release|Any CPU
	EndGlobalSection
	GlobalSection(ProjectConfigurationPlatforms) = postSolution
		{BC976ACB-62A0-4B8C-8F05-D51DE69088B9}.Debug|Any CPU.ActiveCfg = Debug|Any CPU
		{BC976ACB-62A0-4B8C-8F05-D51DE69088B9}.Debug|Any CPU.Build.0 = Debug|Any CPU
		{BC976ACB-62A0-4B8C-8F05-D51DE69088B9}.Release|Any CPU.ActiveCfg = Release|Any CPU
		{BC976ACB-62A0-4B8C-8F05-D51DE69088B9}.Release|Any CPU.Build.0 = Release|Any CPU
	EndGlobalSection
EndGlobal
